<?xml version="1.0" encoding="utf-8"?>
<Project ToolsVersion="4.0" xmlns="http://schemas.microsoft.com/developer/msbuild/2003">
  <ItemGroup>
    <CudaCompile Include="kernel.cu" />
    <CudaCompile Include="PriorityQueueTest.cu">
      <Filter>Tests</Filter>
    </CudaCompile>
    <CudaCompile Include="StackTest.cu">
      <Filter>Tests</Filter>
    </CudaCompile>
    <CudaCompile Include="PhotonTest.cu">
      <Filter>Tests</Filter>
    </CudaCompile>
    <CudaCompile Include="Test.cu">
      <Filter>Tests</Filter>
    </CudaCompile>
    <CudaCompile Include="TreeTest.cu">
      <Filter>Tests</Filter>
    </CudaCompile>
    <CudaCompile Include="PhotonMap.cu">
      <Filter>DataStructures</Filter>
    </CudaCompile>
    <CudaCompile Include="PhotonMapInsertTest.cu">
      <Filter>Tests</Filter>
    </CudaCompile>
    <CudaCompile Include="math_functions.cuh">
      <Filter>Tools</Filter>
    </CudaCompile>
    <CudaCompile Include="PhotonMapGetClosestTest.cu">
      <Filter>Tests</Filter>
    </CudaCompile>
    <CudaCompile Include="RayTraycingTest.cu">
      <Filter>Tests</Filter>
    </CudaCompile>
    <CudaCompile Include="Ray.cu">
      <Filter>DataStructures\Ray</Filter>
    </CudaCompile>
    <CudaCompile Include="vec3_funcs.cu">
      <Filter>Tools\vec3_funcs</Filter>
    </CudaCompile>
  </ItemGroup>
  <ItemGroup>
    <ClInclude Include="Printers.h">
      <Filter>Tools</Filter>
    </ClInclude>
    <ClInclude Include="PriorityQueue.cuh">
      <Filter>DataStructures</Filter>
    </ClInclude>
    <ClInclude Include="Test.cuh">
      <Filter>Tests</Filter>
    </ClInclude>
    <ClInclude Include="vec3.cuh">
      <Filter>DataStructures</Filter>
    </ClInclude>
    <ClInclude Include="Tree.cuh">
      <Filter>DataStructures</Filter>
    </ClInclude>
    <ClInclude Include="Photon.cuh">
      <Filter>DataStructures</Filter>
    </ClInclude>
    <ClInclude Include="Stack.cuh">
      <Filter>DataStructures</Filter>
    </ClInclude>
    <ClInclude Include="ArrayTools.cuh">
      <Filter>Tools</Filter>
    </ClInclude>
    <ClInclude Include="DeepLookStack.cuh">
      <Filter>DataStructures</Filter>
    </ClInclude>
    <ClInclude Include="FourTuple.cuh">
      <Filter>DataStructures</Filter>
    </ClInclude>
    <ClInclude Include="Pair.cuh">
      <Filter>DataStructures</Filter>
    </ClInclude>
    <ClInclude Include="PhotonMap.cuh">
      <Filter>DataStructures</Filter>
    </ClInclude>
    <ClInclude Include="Sort.cuh">
      <Filter>Tools</Filter>
    </ClInclude>
    <ClInclude Include="TestablePhotonMap.cuh">
      <Filter>DataStructures\TestDataStructures</Filter>
    </ClInclude>
    <ClInclude Include="Ray.cuh">
      <Filter>DataStructures\Ray</Filter>
    </ClInclude>
    <ClInclude Include="vec3_funcs.cuh">
      <Filter>Tools\vec3_funcs</Filter>
    </ClInclude>
    <ClInclude Include="ObjLoader.h" />
  </ItemGroup>
  <ItemGroup>
    <Filter Include="Tests">
      <UniqueIdentifier>{780e6d14-61b0-4876-8fbe-e022926c2090}</UniqueIdentifier>
    </Filter>
    <Filter Include="Tools">
      <UniqueIdentifier>{1d5ec51a-674c-438d-b639-947834fa7ec5}</UniqueIdentifier>
    </Filter>
    <Filter Include="DataStructures">
      <UniqueIdentifier>{9f73d2ce-3410-4755-be28-bf3eac53d999}</UniqueIdentifier>
    </Filter>
    <Filter Include="DataStructures\Ray">
      <UniqueIdentifier>{5a3f7972-7fb3-4857-8ee2-943bd8112e95}</UniqueIdentifier>
    </Filter>
    <Filter Include="DataStructures\TestDataStructures">
      <UniqueIdentifier>{e21638f2-0d0e-46fc-b6c0-42fb49f90f51}</UniqueIdentifier>
    </Filter>
    <Filter Include="Tools\vec3_funcs">
      <UniqueIdentifier>{fd4d4085-9e17-4b98-9ef4-b718a3889f4d}</UniqueIdentifier>
    </Filter>
    <Filter Include="Loaders">
      <UniqueIdentifier>{def8fadd-c765-4f23-8800-3ce98ea64ced}</UniqueIdentifier>
    </Filter>
    <Filter Include="Loaders\ModelLoader">
      <UniqueIdentifier>{9f284c92-7a1e-46e5-bc43-5dee900c4efb}</UniqueIdentifier>
    </Filter>
  </ItemGroup>
  <ItemGroup>
    <ClCompile Include="Printers.cpp">
      <Filter>Tools</Filter>
    </ClCompile>
    <ClCompile Include="ObjLoader.cpp" />
  </ItemGroup>
</Project>